{
    "_meta": {
        "hash": {
            "sha256": "574bc723240bd01827204be9e75206c5db945fea2a817dddc9faa47ec54cbe92"
        },
        "pipfile-spec": 6,
        "requires": {
            "python_version": "3.8"
        },
        "sources": [
            {
                "name": "pypi",
                "url": "https://pypi.org/simple",
                "verify_ssl": true
            }
        ]
    },
    "default": {
        "cssselect2": {
            "hashes": [
                "sha256:2f4a9f20965367bae459e3bb42561f7927e0cfe5b7ea1692757cf67ef5d7dace",
                "sha256:93fbb9af860e95dd40bf18c3b2b6ed99189a07c0f29ba76f9c5be71344664ec8"
            ],
            "markers": "python_version >= '3.6'",
            "version": "==0.4.1"
        },
        "cycler": {
            "hashes": [
                "sha256:1d8a5ae1ff6c5cf9b93e8811e581232ad8920aeec647c37316ceac982b08cb2d",
                "sha256:cd7b2d1018258d7247a71425e9f26463dfb444d411c39569972f4ce586b0c9d8"
            ],
            "version": "==0.10.0"
        },
        "deap": {
            "hashes": [
                "sha256:0283b29ab47d841cd33c19fed547d18c15b95b2876223de42799dc61c0453080",
                "sha256:11f54493ceb54aae10dde676577ef59fc52d52f82729d5a12c90b0813c857a2f",
                "sha256:1eac7020de9d3995173bbe30ea04cdc995830a52c97c8b4dd2d01cf6a818799d",
                "sha256:23083349c7eb1331eeee2fde3fd71545f3d5c8896d292f3e37a49930210f5669",
                "sha256:26a1d10fd8b5f5dc128abea43f17b626e0e2123d5de09ee26f591ab66117e751",
                "sha256:2f2f9373e23dfbd6cdda2ff0c05f2fc7f9a96d0f03d9a3814bae4790067339ed",
                "sha256:3113e31e7f9e6e2d0d3e9d41168541ca9469b3e796c03cfb5d81bd170af096fa",
                "sha256:3365a217e30865e69a74a06e1ea772bf109aedcc5ccf84d3076dec1bac75025e",
                "sha256:354d629e0d1605c493e4eee3587a7e3503343864b9967d5b2d83c0026307346c",
                "sha256:38ef2defe7d9e32c9552173ace5e99ff2b29599877f7dc0420baa747475837df",
                "sha256:47ef982c4ad26a1b5f45cf8c82b262d46b90c39e9686ba3cb831f9fcdcbdc88b",
                "sha256:49a21b4f21f5e429c3dfa2d7e448cd1a80963ca4f4b71653d1a78d4ae10c9d70",
                "sha256:4e977d8246cc84283a7f7fc9dfdbb7cb9a580025bc32b89bf2e357dee92906d8",
                "sha256:4fcf65d04420bd8d7b2ee4f165c562db6671746c1cdf599d82ec59f71be7188e",
                "sha256:50d4c817b3b17ab705a15e99a03384d588735a966ba170a1d42aa45a59288dc7",
                "sha256:51e10643e773b3962baf6397888d253ae1e468fae6ed30e5cf3be108e21fc017",
                "sha256:53a70b3f07a06ad6693e5b7e0c4a4387147ed0113e0eeda7ac33cfc516487f89",
                "sha256:5d2d481ec28f947d9c3d838909a49c5e09bbdc8110cca366b544fb0d5afbdd95",
                "sha256:6365452dce08f6df9daee7255671972184c5e5da11391232e874cccc36d02366",
                "sha256:657a038e69937e292fac3daf6641243a7ebd87e8424e8bdf930e5ef74e638776",
                "sha256:700150c49916c8e9a9c4c3441d941d037a043b8fe27cbec0eb453d41f46cca14",
                "sha256:75d8d1fae7602662387aba859f05dc960e7d20e4ab7c2d14783080cf8fc839ca",
                "sha256:794acffc3a2da2213bd184be8d6a751b0df03bdf2271bb57da7414201c4afb28",
                "sha256:809534e155c76a4f46d480f6d73dc347f2bc90324d9e3546a68bdbf33164d165",
                "sha256:827d278d77d42aa499404e02817de8a02c5303c8cb6dde51033fa2783c6a0ea5",
                "sha256:86a4b98fb7b46e53125f48e8b5572b3c8021c9d31e7edc15e1b2b59c21209d03",
                "sha256:8d41226849f01f4bbcff8db7037d4e8063d7f3a5b5e090c0ea59e9aa8ec3fca9",
                "sha256:8fd13bee65a91b77bbf999befdebe471c102b6b26581ea92bbd6fa4e4d55efd3",
                "sha256:937548989075ddbc30294e0a5d96432000217c83421dad28afc8bc373723cb82",
                "sha256:9e330449160ebe18929e7db2595c2a6931f5132a323e4096d36ef26d0802bd14",
                "sha256:a1fb86ed6ef2ebf4e9e938b87fdcbc10cad1c147cd9ec9311957d6ec583e9d49",
                "sha256:a8dee866f9a427f3284f25b7bb988dbc2f8383ad007df8b081c6784f148c754a",
                "sha256:a9d2e8e4603ab7151a501a669545344ee1875941c2b21a7fe8df436df29f28a2",
                "sha256:b11bf90dc6ddc454f47977d4d3f2c32f48d5fb3bd200120827c4d55206b3c110",
                "sha256:bc58673b26c8c417e3d479701eca2b9fc3bfd9f646067036a06f7bbadabf8bba",
                "sha256:c68e59f669ec22533c095d9cd4ed5188eaf8ff0dd402fc1c5f4cdd180c1db3d6",
                "sha256:dd9d2b5c65814930084b4c781ced6bb6906fabf708e4c94b97c5fce9432a088a",
                "sha256:e071b3a5ffeeb760a3d7e606a81122c2f192c9ebe9317116131a9d6624bfdf49",
                "sha256:ead42f533c07e929ba02a4b3b9e04c274eb64689edd9c0fe42e4f63620b24385",
                "sha256:ef1e150be601a2fa94eca9a82a089036830c47c7cc0c67e92ec8ebca64c19b50",
                "sha256:faa6a761368fcaa4459d45557a803fc3dc610c2aef37a2f62dfbddcbfabd29a3"
            ],
            "index": "pypi",
            "version": "==1.3.1"
        },
        "decorator": {
            "hashes": [
                "sha256:41fa54c2a0cc4ba648be4fd43cff00aedf5b9465c9bf18d64325bc225f08f760",
                "sha256:e3a62f0520172440ca0dcc823749319382e377f37f140a0b99ef45fecb84bfe7"
            ],
            "version": "==4.4.2"
        },
        "kiwisolver": {
            "hashes": [
                "sha256:0cd53f403202159b44528498de18f9285b04482bab2a6fc3f5dd8dbb9352e30d",
                "sha256:1e1bc12fb773a7b2ffdeb8380609f4f8064777877b2225dec3da711b421fda31",
                "sha256:225e2e18f271e0ed8157d7f4518ffbf99b9450fca398d561eb5c4a87d0986dd9",
                "sha256:232c9e11fd7ac3a470d65cd67e4359eee155ec57e822e5220322d7b2ac84fbf0",
                "sha256:31dfd2ac56edc0ff9ac295193eeaea1c0c923c0355bf948fbd99ed6018010b72",
                "sha256:33449715e0101e4d34f64990352bce4095c8bf13bed1b390773fc0a7295967b3",
                "sha256:401a2e9afa8588589775fe34fc22d918ae839aaaf0c0e96441c0fdbce6d8ebe6",
                "sha256:44a62e24d9b01ba94ae7a4a6c3fb215dc4af1dde817e7498d901e229aaf50e4e",
                "sha256:50af681a36b2a1dee1d3c169ade9fdc59207d3c31e522519181e12f1b3ba7000",
                "sha256:563c649cfdef27d081c84e72a03b48ea9408c16657500c312575ae9d9f7bc1c3",
                "sha256:5989db3b3b34b76c09253deeaf7fbc2707616f130e166996606c284395da3f18",
                "sha256:5a7a7dbff17e66fac9142ae2ecafb719393aaee6a3768c9de2fd425c63b53e21",
                "sha256:5c3e6455341008a054cccee8c5d24481bcfe1acdbc9add30aa95798e95c65621",
                "sha256:5f6ccd3dd0b9739edcf407514016108e2280769c73a85b9e59aa390046dbf08b",
                "sha256:72c99e39d005b793fb7d3d4e660aed6b6281b502e8c1eaf8ee8346023c8e03bc",
                "sha256:78751b33595f7f9511952e7e60ce858c6d64db2e062afb325985ddbd34b5c131",
                "sha256:834ee27348c4aefc20b479335fd422a2c69db55f7d9ab61721ac8cd83eb78882",
                "sha256:8be8d84b7d4f2ba4ffff3665bcd0211318aa632395a1a41553250484a871d454",
                "sha256:950a199911a8d94683a6b10321f9345d5a3a8433ec58b217ace979e18f16e248",
                "sha256:a357fd4f15ee49b4a98b44ec23a34a95f1e00292a139d6015c11f55774ef10de",
                "sha256:a53d27d0c2a0ebd07e395e56a1fbdf75ffedc4a05943daf472af163413ce9598",
                "sha256:acef3d59d47dd85ecf909c359d0fd2c81ed33bdff70216d3956b463e12c38a54",
                "sha256:b38694dcdac990a743aa654037ff1188c7a9801ac3ccc548d3341014bc5ca278",
                "sha256:b9edd0110a77fc321ab090aaa1cfcaba1d8499850a12848b81be2222eab648f6",
                "sha256:c08e95114951dc2090c4a630c2385bef681cacf12636fb0241accdc6b303fd81",
                "sha256:c5518d51a0735b1e6cee1fdce66359f8d2b59c3ca85dc2b0813a8aa86818a030",
                "sha256:c8fd0f1ae9d92b42854b2979024d7597685ce4ada367172ed7c09edf2cef9cb8",
                "sha256:ca3820eb7f7faf7f0aa88de0e54681bddcb46e485beb844fcecbcd1c8bd01689",
                "sha256:cf8b574c7b9aa060c62116d4181f3a1a4e821b2ec5cbfe3775809474113748d4",
                "sha256:d3155d828dec1d43283bd24d3d3e0d9c7c350cdfcc0bd06c0ad1209c1bbc36d0",
                "sha256:f8d6f8db88049a699817fd9178782867bf22283e3813064302ac59f61d95be05",
                "sha256:fd34fbbfbc40628200730bc1febe30631347103fc8d3d4fa012c21ab9c11eca9"
            ],
            "markers": "python_version >= '3.6'",
            "version": "==1.3.1"
        },
        "lxml": {
            "hashes": [
                "sha256:079f3ae844f38982d156efce585bc540c16a926d4436712cf4baee0cce487a3d",
                "sha256:0fbcf5565ac01dff87cbfc0ff323515c823081c5777a9fc7703ff58388c258c3",
                "sha256:122fba10466c7bd4178b07dba427aa516286b846b2cbd6f6169141917283aae2",
                "sha256:1b38116b6e628118dea5b2186ee6820ab138dbb1e24a13e478490c7db2f326ae",
                "sha256:1b7584d421d254ab86d4f0b13ec662a9014397678a7c4265a02a6d7c2b18a75f",
                "sha256:26e761ab5b07adf5f555ee82fb4bfc35bf93750499c6c7614bd64d12aaa67927",
                "sha256:289e9ca1a9287f08daaf796d96e06cb2bc2958891d7911ac7cae1c5f9e1e0ee3",
                "sha256:2a9d50e69aac3ebee695424f7dbd7b8c6d6eb7de2a2eb6b0f6c7db6aa41e02b7",
                "sha256:3082c518be8e97324390614dacd041bb1358c882d77108ca1957ba47738d9d59",
                "sha256:33bb934a044cf32157c12bfcfbb6649807da20aa92c062ef51903415c704704f",
                "sha256:3439c71103ef0e904ea0a1901611863e51f50b5cd5e8654a151740fde5e1cade",
                "sha256:36108c73739985979bf302006527cf8a20515ce444ba916281d1c43938b8bb96",
                "sha256:39b78571b3b30645ac77b95f7c69d1bffc4cf8c3b157c435a34da72e78c82468",
                "sha256:4289728b5e2000a4ad4ab8da6e1db2e093c63c08bdc0414799ee776a3f78da4b",
                "sha256:4bff24dfeea62f2e56f5bab929b4428ae6caba2d1eea0c2d6eb618e30a71e6d4",
                "sha256:4c61b3a0db43a1607d6264166b230438f85bfed02e8cff20c22e564d0faff354",
                "sha256:542d454665a3e277f76954418124d67516c5f88e51a900365ed54a9806122b83",
                "sha256:5a0a14e264069c03e46f926be0d8919f4105c1623d620e7ec0e612a2e9bf1c04",
                "sha256:5c8c163396cc0df3fd151b927e74f6e4acd67160d6c33304e805b84293351d16",
                "sha256:66e575c62792c3f9ca47cb8b6fab9e35bab91360c783d1606f758761810c9791",
                "sha256:6f12e1427285008fd32a6025e38e977d44d6382cf28e7201ed10d6c1698d2a9a",
                "sha256:74f7d8d439b18fa4c385f3f5dfd11144bb87c1da034a466c5b5577d23a1d9b51",
                "sha256:7610b8c31688f0b1be0ef882889817939490a36d0ee880ea562a4e1399c447a1",
                "sha256:76fa7b1362d19f8fbd3e75fe2fb7c79359b0af8747e6f7141c338f0bee2f871a",
                "sha256:7728e05c35412ba36d3e9795ae8995e3c86958179c9770e65558ec3fdfd3724f",
                "sha256:8157dadbb09a34a6bd95a50690595e1fa0af1a99445e2744110e3dca7831c4ee",
                "sha256:820628b7b3135403540202e60551e741f9b6d3304371712521be939470b454ec",
                "sha256:884ab9b29feaca361f7f88d811b1eea9bfca36cf3da27768d28ad45c3ee6f969",
                "sha256:89b8b22a5ff72d89d48d0e62abb14340d9e99fd637d046c27b8b257a01ffbe28",
                "sha256:92e821e43ad382332eade6812e298dc9701c75fe289f2a2d39c7960b43d1e92a",
                "sha256:b007cbb845b28db4fb8b6a5cdcbf65bacb16a8bd328b53cbc0698688a68e1caa",
                "sha256:bc4313cbeb0e7a416a488d72f9680fffffc645f8a838bd2193809881c67dd106",
                "sha256:bccbfc27563652de7dc9bdc595cb25e90b59c5f8e23e806ed0fd623755b6565d",
                "sha256:c47ff7e0a36d4efac9fd692cfa33fbd0636674c102e9e8d9b26e1b93a94e7617",
                "sha256:c4f05c5a7c49d2fb70223d0d5bcfbe474cf928310ac9fa6a7c6dddc831d0b1d4",
                "sha256:cdaf11d2bd275bf391b5308f86731e5194a21af45fbaaaf1d9e8147b9160ea92",
                "sha256:ce256aaa50f6cc9a649c51be3cd4ff142d67295bfc4f490c9134d0f9f6d58ef0",
                "sha256:d2e35d7bf1c1ac8c538f88d26b396e73dd81440d59c1ef8522e1ea77b345ede4",
                "sha256:d916d31fd85b2f78c76400d625076d9124de3e4bda8b016d25a050cc7d603f24",
                "sha256:df7c53783a46febb0e70f6b05df2ba104610f2fb0d27023409734a3ecbb78fb2",
                "sha256:e1cbd3f19a61e27e011e02f9600837b921ac661f0c40560eefb366e4e4fb275e",
                "sha256:efac139c3f0bf4f0939f9375af4b02c5ad83a622de52d6dfa8e438e8e01d0eb0",
                "sha256:efd7a09678fd8b53117f6bae4fa3825e0a22b03ef0a932e070c0bdbb3a35e654",
                "sha256:f2380a6376dfa090227b663f9678150ef27543483055cc327555fb592c5967e2",
                "sha256:f8380c03e45cf09f8557bdaa41e1fa7c81f3ae22828e1db470ab2a6c96d8bc23",
                "sha256:f90ba11136bfdd25cae3951af8da2e95121c9b9b93727b1b896e3fa105b2f586"
            ],
            "markers": "python_version >= '2.7' and python_version not in '3.0, 3.1, 3.2, 3.3, 3.4'",
            "version": "==4.6.3"
        },
        "matplotlib": {
            "hashes": [
                "sha256:0bea5ec5c28d49020e5d7923c2725b837e60bc8be99d3164af410eb4b4c827da",
                "sha256:1c1779f7ab7d8bdb7d4c605e6ffaa0614b3e80f1e3c8ccf7b9269a22dbc5986b",
                "sha256:21b31057bbc5e75b08e70a43cefc4c0b2c2f1b1a850f4a0f7af044eb4163086c",
                "sha256:32fa638cc10886885d1ca3d409d4473d6a22f7ceecd11322150961a70fab66dd",
                "sha256:3a5c18dbd2c7c366da26a4ad1462fe3e03a577b39e3b503bbcf482b9cdac093c",
                "sha256:5826f56055b9b1c80fef82e326097e34dc4af8c7249226b7dd63095a686177d1",
                "sha256:6382bc6e2d7e481bcd977eb131c31dee96e0fb4f9177d15ec6fb976d3b9ace1a",
                "sha256:6475d0209024a77f869163ec3657c47fed35d9b6ed8bccba8aa0f0099fbbdaa8",
                "sha256:6a6a44f27aabe720ec4fd485061e8a35784c2b9ffa6363ad546316dfc9cea04e",
                "sha256:7a58f3d8fe8fac3be522c79d921c9b86e090a59637cb88e3bc51298d7a2c862a",
                "sha256:7ad19f3fb6145b9eb41c08e7cbb9f8e10b91291396bee21e9ce761bb78df63ec",
                "sha256:85f191bb03cb1a7b04b5c2cca4792bef94df06ef473bc49e2818105671766fee",
                "sha256:956c8849b134b4a343598305a3ca1bdd3094f01f5efc8afccdebeffe6b315247",
                "sha256:a9d8cb5329df13e0cdaa14b3b43f47b5e593ec637f13f14db75bb16e46178b05",
                "sha256:b1d5a2cedf5de05567c441b3a8c2651fbde56df08b82640e7f06c8cd91e201f6",
                "sha256:b26535b9de85326e6958cdef720ecd10bcf74a3f4371bf9a7e5b2e659c17e153",
                "sha256:c541ee5a3287efe066bbe358320853cf4916bc14c00c38f8f3d8d75275a405a9",
                "sha256:d8d994cefdff9aaba45166eb3de4f5211adb4accac85cbf97137e98f26ea0219",
                "sha256:df815378a754a7edd4559f8c51fc7064f779a74013644a7f5ac7a0c31f875866"
            ],
            "index": "pypi",
            "version": "==3.4.2"
        },
        "networkx": {
            "hashes": [
                "sha256:0635858ed7e989f4c574c2328380b452df892ae85084144c73d8cd819f0c4e06",
                "sha256:109cd585cac41297f71103c3c42ac6ef7379f29788eb54cb751be5a663bb235a"
            ],
            "index": "pypi",
            "version": "==2.5.1"
        },
        "numpy": {
            "hashes": [
                "sha256:1676b0a292dd3c99e49305a16d7a9f42a4ab60ec522eac0d3dd20cdf362ac010",
                "sha256:16f221035e8bd19b9dc9a57159e38d2dd060b48e93e1d843c49cb370b0f415fd",
                "sha256:43909c8bb289c382170e0282158a38cf306a8ad2ff6dfadc447e90f9961bef43",
                "sha256:4e465afc3b96dbc80cf4a5273e5e2b1e3451286361b4af70ce1adb2984d392f9",
                "sha256:55b745fca0a5ab738647d0e4db099bd0a23279c32b31a783ad2ccea729e632df",
                "sha256:5d050e1e4bc9ddb8656d7b4f414557720ddcca23a5b88dd7cff65e847864c400",
                "sha256:637d827248f447e63585ca3f4a7d2dfaa882e094df6cfa177cc9cf9cd6cdf6d2",
                "sha256:6690080810f77485667bfbff4f69d717c3be25e5b11bb2073e76bb3f578d99b4",
                "sha256:66fbc6fed94a13b9801fb70b96ff30605ab0a123e775a5e7a26938b717c5d71a",
                "sha256:67d44acb72c31a97a3d5d33d103ab06d8ac20770e1c5ad81bdb3f0c086a56cf6",
                "sha256:6ca2b85a5997dabc38301a22ee43c82adcb53ff660b89ee88dded6b33687e1d8",
                "sha256:6e51534e78d14b4a009a062641f465cfaba4fdcb046c3ac0b1f61dd97c861b1b",
                "sha256:70eb5808127284c4e5c9e836208e09d685a7978b6a216db85960b1a112eeace8",
                "sha256:830b044f4e64a76ba71448fce6e604c0fc47a0e54d8f6467be23749ac2cbd2fb",
                "sha256:8b7bb4b9280da3b2856cb1fc425932f46fba609819ee1c62256f61799e6a51d2",
                "sha256:a9c65473ebc342715cb2d7926ff1e202c26376c0dcaaee85a1fd4b8d8c1d3b2f",
                "sha256:c1c09247ccea742525bdb5f4b5ceeacb34f95731647fe55774aa36557dbb5fa4",
                "sha256:c5bf0e132acf7557fc9bb8ded8b53bbbbea8892f3c9a1738205878ca9434206a",
                "sha256:db250fd3e90117e0312b611574cd1b3f78bec046783195075cbd7ba9c3d73f16",
                "sha256:e515c9a93aebe27166ec9593411c58494fa98e5fcc219e47260d9ab8a1cc7f9f",
                "sha256:e55185e51b18d788e49fe8305fd73ef4470596b33fc2c1ceb304566b99c71a69",
                "sha256:ea9cff01e75a956dbee133fa8e5b68f2f92175233de2f88de3a682dd94deda65",
                "sha256:f1452578d0516283c87608a5a5548b0cdde15b99650efdfd85182102ef7a7c17",
                "sha256:f39a995e47cb8649673cfa0579fbdd1cdd33ea497d1728a6cb194d6252268e48"
            ],
            "index": "pypi",
            "version": "==1.20.3"
        },
        "pillow": {
            "hashes": [
                "sha256:063d17a02a0170c2f880fbd373b2738b089c6adcbd1f7418667bc9e97524c11b",
                "sha256:1037288a22cc8ec9d2918a24ded733a1cc4342fd7f21d15d37e6bbe5fb4a7306",
                "sha256:25f6564df21d15bcac142b4ed92b6c02e53557539f535f31c1f3bcc985484753",
                "sha256:28f184c0a65be098af412f78b0b6f3bbafd1614e1dc896e810d8357342a794b7",
                "sha256:3251557c53c1ed0c345559afc02d2b0a0aa5788042e161366ed90b27bc322d3d",
                "sha256:331f8321418682386e4f0d0e6369f732053f95abddd2af4e1b1ef74a9537ef37",
                "sha256:333313bcc53a8a7359e98d5458dfe37bfa301da2fd0e0dc41f585ae0cede9181",
                "sha256:34ce3d993cb4ca840b1e31165b38cb19c64f64f822a8bc5565bde084baff3bdb",
                "sha256:490c9236ef4762733b6c2e1f1fcb37793cb9c57d860aa84d6994c990461882e5",
                "sha256:519b3b24dedc81876d893475bade1b92c4ce7c24b9b82224f0bd8daae682e039",
                "sha256:53f6e4b73b3899015ac4aa95d99da0f48ea18a6d7c8db672e8bead3fb9570ef5",
                "sha256:561339ed7c324bbcb29b5e4f4705c97df950785394b3ac181f5bf6a08088a672",
                "sha256:6f7517a220aca8b822e25b08b0df9546701a606a328da5bc057e5f32a3f9b07c",
                "sha256:713b762892efa8cd5d8dac24d16ac2d2dbf981963ed1b3297e79755f03f8cbb8",
                "sha256:72858a27dd7bd1c40f91c4f85db3b9f121c8412fd66573121febb00d074d0530",
                "sha256:778a819c2d194e08d39d67ddb15ef0d32eba17bf7d0c2773e97bd221b2613a3e",
                "sha256:803606e206f3e366eea46b1e7ab4dac74cfac770d04de9c35319814e11e47c46",
                "sha256:856fcbc3201a6cabf0478daa0c0a1a8a175af7e5173e2084ddb91cc707a09dd1",
                "sha256:8f65d2a98f198e904dbe89ecb10862d5f0511367d823689039e17c4d011de11e",
                "sha256:94db5ea640330de0945b41dc77fb4847b4ab6e87149126c71b36b112e8400898",
                "sha256:950e873ceefbd283cbe7bc5b648b832d1dcf89eeded6726ebec42bc7d67966c0",
                "sha256:a7beda44f177ee602aa27e0a297da1657d9572679522c8fb8b336b734653516e",
                "sha256:aef0838f28328523e9e5f2c1852dd96fb85768deb0eb8f908c54dad0f44d2f6f",
                "sha256:b42ea77f4e7374a67e1f27aaa9c62627dff681f67890e5b8f0c1e21b1500d9d2",
                "sha256:bccd0d604d814e9494f3bf3f077a23835580ed1743c5175581882e7dd1f178c3",
                "sha256:c2d78c8230bda5fc9f6b1d457c7f8f3432f4fe85bed86f80ba3ed73d59775a88",
                "sha256:c3529fb98a40f89269175442c5ff4ef81d22e91b2bdcbd33833a350709b5130c",
                "sha256:cc8e926d6ffa65d0dddb871b7afe117f17bc045951e66afde60eb0eba923db9e",
                "sha256:ce90aad0a3dc0f13a9ff0ab1f43bcbea436089b83c3fadbe37c6f1733b938bf1",
                "sha256:cec702974f162026bf8de47f6f4b7ce9584a63c50002b38f195ee797165fea77",
                "sha256:d9ef8119ce44f90d2f8ac7c58f7da480ada5151f217dc8da03681b73fc91dec3",
                "sha256:eccaefbd646022b5313ca4b0c5f1ae6e0d3a52ef66de64970ecf3f9b2a1be751",
                "sha256:fb91deb5121b6dde88599bcb3db3fdad9cf33ff3d4ccc5329ee1fe9655a2f7ff",
                "sha256:fc25d59ecf23ea19571065306806a29c43c67f830f0e8a121303916ba257f484"
            ],
            "markers": "python_version >= '3.6'",
            "version": "==8.3.0"
        },
        "pyparsing": {
            "hashes": [
                "sha256:c203ec8783bf771a155b207279b9bccb8dea02d8f0c9e5f8ead507bc3246ecc1",
                "sha256:ef9d7589ef3c200abe66653d3f1ab1033c3c419ae9b9bdb1240a85b024efc88b"
            ],
            "markers": "python_version >= '2.6' and python_version not in '3.0, 3.1, 3.2, 3.3'",
            "version": "==2.4.7"
        },
        "python-dateutil": {
            "hashes": [
                "sha256:73ebfe9dbf22e832286dafa60473e4cd239f8592f699aa5adaf10050e6e1823c",
                "sha256:75bb3f31ea686f1197762692a9ee6a7550b59fc6ca3a1f4b5d7e32fb98e2da2a"
            ],
            "markers": "python_version >= '2.7' and python_version not in '3.0, 3.1, 3.2, 3.3'",
            "version": "==2.8.1"
        },
        "reportlab": {
            "hashes": [
                "sha256:010f86a192c397f7c8ae667953a85d913395a8a6a8da112bff1c1ea28e679bcd",
                "sha256:08b53568979228b6969b790339d06a0b8db8883f92ae7339013f9878042dd9ca",
                "sha256:19708801278f600d712c04ee6bfb650e45d1b2898713f7bd97b39ab89bd08c1e",
                "sha256:28c72d27f21d74a7301789c7950b5e82a430ed38817ecee060fa1f2f3e959360",
                "sha256:2c0c88a7cf83a20a2bb355f97a1a9d0373a6de60c3aec35d301d3cc75dc4bb72",
                "sha256:2dc5ee0c5b659697cdfbc218ec9abea54dd9c5a95ea8ca95245fe94f5ef111f9",
                "sha256:332f836ff4c975c92d307302e86a54d6f0e3d2ce33a35759812e7a1d17e2091f",
                "sha256:45113c1c359ba314499032c891487802cccd7c4225a3e930d6cf492d62ea4f07",
                "sha256:46f15f5a34a50375c332ab8eaa907a0212c88787b0885ac25a9505c0741ee9ba",
                "sha256:580eed6d9e5c20870ea909bec6840f9ceb9d13c33316d448cae21eb3ca47c7fd",
                "sha256:5865c4247229584408515055b5b19c7f935ae94433d6258c7a9234c4a07d6d34",
                "sha256:6063466779e438375bcdd2c15fc551ebd68f16ebfb2766497234df9cfa57e5b1",
                "sha256:63578cab96fc4383e71dd9fe1877bb26ab78b2a6c91139068e99d130687289ab",
                "sha256:66b5a08cbeb910edee7201efa786bd1bf7027c7ec526dddf7d60fc2252e2b30f",
                "sha256:6b448a1824d381d282c5ea1da1669a5fa53dac67c57a1ecad6bcc149f286d1fd",
                "sha256:6f905390f5e5801b21b6027c8ffaed915e5eec1e46bbdf6a74c8838213717b44",
                "sha256:70e7461aa47eff810be8c4e4a0cbc6fcf47aecaddd46de6ca4524c76065f8490",
                "sha256:7e466276f1a1121dac23b703af6c22db0cedf6cec5139969f8387e8d8046f203",
                "sha256:81d1958d90fccf86f62b38ecbedf9208a973d99e0747b6cd75036914ae8641c4",
                "sha256:9a00feb8eafbce1283cd3edbb29735bd40c9566b3f45913110a301700c16b63a",
                "sha256:a48221d4ab7de37975ad052f7e565cf13ab708def63f203a38ae9927ab5442cd",
                "sha256:ad9a49890de59e8dd16fa0ce03ef607e46a5ff2f39de44f8556f796b3d4ddffb",
                "sha256:b25608059558910585a9e229bae0fd3d67af49ae5e1c7a20057680c6b3d5f6f7",
                "sha256:b57ebeb28f7a58a9da6f8c293acb6d31d89f634b3eba0b728a040cef08afc4ea",
                "sha256:b9ae0c534c09274b80f8fd87408071c1f814d56c5f51fe450b2157f1f13e921b",
                "sha256:c0612d9101f40679245e7d9edb169d8d79378a47f38cd8e6b38c55d7ff31db3f",
                "sha256:ced16daf89f948eeb4e376b5d814da5d99f7205fbd42e17a96f257e35dc31bdd",
                "sha256:dd3409ebabe699c98058690b7b730f93e6b0bd4ed5e49ca3b15e1530ae07b40b",
                "sha256:efef6a97e3ab49f3f40037dbf9a4166668a17cc6aaba13d5ecbabdf854a9b332"
            ],
            "index": "pypi",
            "version": "==3.5.68"
        },
        "six": {
            "hashes": [
                "sha256:1e61c37477a1626458e36f7b1d82aa5c9b094fa4802892072e49de9c60c4c926",
                "sha256:8abb2f1d86890a2dfb989f9a77cfcfd3e47c2a354b01111771326f8aa26e0254"
            ],
            "markers": "python_version >= '2.7' and python_version not in '3.0, 3.1, 3.2, 3.3'",
            "version": "==1.16.0"
        },
        "svglib": {
            "hashes": [
                "sha256:520ee5290ee2ebeebd20ca0d7d995c08c903b364fcf515826bab43a1288d422e"
            ],
            "index": "pypi",
            "version": "==1.1.0"
        },
        "svgwrite": {
            "hashes": [
                "sha256:4b21652a1d9c543a6bf4f9f2a54146b214519b7540ca60cb99968ad09ef631d0",
                "sha256:e220a4bf189e7e214a55e8a11421d152b5b6fb1dd660c86a8b6b61fe8cc2ac48"
            ],
            "index": "pypi",
            "version": "==1.4.1"
        },
        "tinycss2": {
            "hashes": [
                "sha256:0353b5234bcaee7b1ac7ca3dea7e02cd338a9f8dcbb8f2dcd32a5795ec1e5f9a",
                "sha256:fbdcac3044d60eb85fdb2aa840ece43cf7dbe798e373e6ee0be545d4d134e18a"
            ],
            "markers": "python_version >= '3.6'",
            "version": "==1.1.0"
        },
        "webencodings": {
            "hashes": [
                "sha256:a0af1213f3c2226497a97e2b3aa01a7e4bee4f403f95be16fc9acd2947514a78",
                "sha256:b36a1c245f2d304965eb4e0a82848379241dc04b865afcc4aab16748587e1923"
            ],
            "version": "==0.5.1"
        }
    },
    "develop": {
        "attrs": {
            "hashes": [
                "sha256:149e90d6d8ac20db7a955ad60cf0e6881a3f20d37096140088356da6c716b0b1",
                "sha256:ef6aaac3ca6cd92904cdd0d83f629a15f18053ec84e6432106f7a4d04ae4f5fb"
            ],
            "markers": "python_version >= '2.7' and python_version not in '3.0, 3.1, 3.2, 3.3, 3.4'",
            "version": "==21.2.0"
        },
        "coverage": {
            "hashes": [
                "sha256:004d1880bed2d97151facef49f08e255a20ceb6f9432df75f4eef018fdd5a78c",
                "sha256:01d84219b5cdbfc8122223b39a954820929497a1cb1422824bb86b07b74594b6",
                "sha256:040af6c32813fa3eae5305d53f18875bedd079960822ef8ec067a66dd8afcd45",
                "sha256:06191eb60f8d8a5bc046f3799f8a07a2d7aefb9504b0209aff0b47298333302a",
                "sha256:13034c4409db851670bc9acd836243aeee299949bd5673e11844befcb0149f03",
                "sha256:13c4ee887eca0f4c5a247b75398d4114c37882658300e153113dafb1d76de529",
                "sha256:184a47bbe0aa6400ed2d41d8e9ed868b8205046518c52464fde713ea06e3a74a",
                "sha256:18ba8bbede96a2c3dde7b868de9dcbd55670690af0988713f0603f037848418a",
                "sha256:1aa846f56c3d49205c952d8318e76ccc2ae23303351d9270ab220004c580cfe2",
                "sha256:217658ec7187497e3f3ebd901afdca1af062b42cfe3e0dafea4cced3983739f6",
                "sha256:24d4a7de75446be83244eabbff746d66b9240ae020ced65d060815fac3423759",
                "sha256:2910f4d36a6a9b4214bb7038d537f015346f413a975d57ca6b43bf23d6563b53",
                "sha256:2949cad1c5208b8298d5686d5a85b66aae46d73eec2c3e08c817dd3513e5848a",
                "sha256:2a3859cb82dcbda1cfd3e6f71c27081d18aa251d20a17d87d26d4cd216fb0af4",
                "sha256:2cafbbb3af0733db200c9b5f798d18953b1a304d3f86a938367de1567f4b5bff",
                "sha256:2e0d881ad471768bf6e6c2bf905d183543f10098e3b3640fc029509530091502",
                "sha256:30c77c1dc9f253283e34c27935fded5015f7d1abe83bc7821680ac444eaf7793",
                "sha256:3487286bc29a5aa4b93a072e9592f22254291ce96a9fbc5251f566b6b7343cdb",
                "sha256:372da284cfd642d8e08ef606917846fa2ee350f64994bebfbd3afb0040436905",
                "sha256:41179b8a845742d1eb60449bdb2992196e211341818565abded11cfa90efb821",
                "sha256:44d654437b8ddd9eee7d1eaee28b7219bec228520ff809af170488fd2fed3e2b",
                "sha256:4a7697d8cb0f27399b0e393c0b90f0f1e40c82023ea4d45d22bce7032a5d7b81",
                "sha256:51cb9476a3987c8967ebab3f0fe144819781fca264f57f89760037a2ea191cb0",
                "sha256:52596d3d0e8bdf3af43db3e9ba8dcdaac724ba7b5ca3f6358529d56f7a166f8b",
                "sha256:53194af30d5bad77fcba80e23a1441c71abfb3e01192034f8246e0d8f99528f3",
                "sha256:5fec2d43a2cc6965edc0bb9e83e1e4b557f76f843a77a2496cbe719583ce8184",
                "sha256:6c90e11318f0d3c436a42409f2749ee1a115cd8b067d7f14c148f1ce5574d701",
                "sha256:74d881fc777ebb11c63736622b60cb9e4aee5cace591ce274fb69e582a12a61a",
                "sha256:7501140f755b725495941b43347ba8a2777407fc7f250d4f5a7d2a1050ba8e82",
                "sha256:796c9c3c79747146ebd278dbe1e5c5c05dd6b10cc3bcb8389dfdf844f3ead638",
                "sha256:869a64f53488f40fa5b5b9dcb9e9b2962a66a87dab37790f3fcfb5144b996ef5",
                "sha256:8963a499849a1fc54b35b1c9f162f4108017b2e6db2c46c1bed93a72262ed083",
                "sha256:8d0a0725ad7c1a0bcd8d1b437e191107d457e2ec1084b9f190630a4fb1af78e6",
                "sha256:900fbf7759501bc7807fd6638c947d7a831fc9fdf742dc10f02956ff7220fa90",
                "sha256:92b017ce34b68a7d67bd6d117e6d443a9bf63a2ecf8567bb3d8c6c7bc5014465",
                "sha256:970284a88b99673ccb2e4e334cfb38a10aab7cd44f7457564d11898a74b62d0a",
                "sha256:972c85d205b51e30e59525694670de6a8a89691186012535f9d7dbaa230e42c3",
                "sha256:9a1ef3b66e38ef8618ce5fdc7bea3d9f45f3624e2a66295eea5e57966c85909e",
                "sha256:af0e781009aaf59e25c5a678122391cb0f345ac0ec272c7961dc5455e1c40066",
                "sha256:b6d534e4b2ab35c9f93f46229363e17f63c53ad01330df9f2d6bd1187e5eaacf",
                "sha256:b7895207b4c843c76a25ab8c1e866261bcfe27bfaa20c192de5190121770672b",
                "sha256:c0891a6a97b09c1f3e073a890514d5012eb256845c451bd48f7968ef939bf4ae",
                "sha256:c2723d347ab06e7ddad1a58b2a821218239249a9e4365eaff6649d31180c1669",
                "sha256:d1f8bf7b90ba55699b3a5e44930e93ff0189aa27186e96071fac7dd0d06a1873",
                "sha256:d1f9ce122f83b2305592c11d64f181b87153fc2c2bbd3bb4a3dde8303cfb1a6b",
                "sha256:d314ed732c25d29775e84a960c3c60808b682c08d86602ec2c3008e1202e3bb6",
                "sha256:d636598c8305e1f90b439dbf4f66437de4a5e3c31fdf47ad29542478c8508bbb",
                "sha256:deee1077aae10d8fa88cb02c845cfba9b62c55e1183f52f6ae6a2df6a2187160",
                "sha256:ebe78fe9a0e874362175b02371bdfbee64d8edc42a044253ddf4ee7d3c15212c",
                "sha256:f030f8873312a16414c0d8e1a1ddff2d3235655a2174e3648b4fa66b3f2f1079",
                "sha256:f0b278ce10936db1a37e6954e15a3730bea96a0997c26d7fee88e6c396c2086d",
                "sha256:f11642dddbb0253cc8853254301b51390ba0081750a8ac03f20ea8103f0c56b6"
            ],
            "index": "pypi",
            "version": "==5.5"
        },
        "iniconfig": {
            "hashes": [
                "sha256:011e24c64b7f47f6ebd835bb12a743f2fbe9a26d4cecaa7f53bc4f35ee9da8b3",
                "sha256:bc3af051d7d14b2ee5ef9969666def0cd1a000e121eaea580d4a313df4b37f32"
            ],
            "version": "==1.1.1"
        },
        "packaging": {
            "hashes": [
                "sha256:7dc96269f53a4ccec5c0670940a4281106dd0bb343f47b7471f779df49c2fbe7",
                "sha256:c86254f9220d55e31cc94d69bade760f0847da8000def4dfe1c6b872fd14ff14"
            ],
            "markers": "python_version >= '3.6'",
            "version": "==21.0"
        },
        "pluggy": {
            "hashes": [
                "sha256:15b2acde666561e1298d71b523007ed7364de07029219b604cf808bfa1c765b0",
                "sha256:966c145cd83c96502c3c3868f50408687b38434af77734af1e9ca461a4081d2d"
            ],
            "markers": "python_version >= '2.7' and python_version not in '3.0, 3.1, 3.2, 3.3'",
            "version": "==0.13.1"
        },
        "py": {
            "hashes": [
                "sha256:21b81bda15b66ef5e1a777a21c4dcd9c20ad3efd0b3f817e7a809035269e1bd3",
                "sha256:3b80836aa6d1feeaa108e046da6423ab8f6ceda6468545ae8d02d9d58d18818a"
            ],
            "markers": "python_version >= '2.7' and python_version not in '3.0, 3.1, 3.2, 3.3'",
            "version": "==1.10.0"
        },
        "pyparsing": {
            "hashes": [
                "sha256:c203ec8783bf771a155b207279b9bccb8dea02d8f0c9e5f8ead507bc3246ecc1",
                "sha256:ef9d7589ef3c200abe66653d3f1ab1033c3c419ae9b9bdb1240a85b024efc88b"
            ],
            "markers": "python_version >= '2.6' and python_version not in '3.0, 3.1, 3.2, 3.3'",
            "version": "==2.4.7"
        },
        "pytest": {
            "hashes": [
                "sha256:50bcad0a0b9c5a72c8e4e7c9855a3ad496ca6a881a3641b4260605450772c54b",
                "sha256:91ef2131a9bd6be8f76f1f08eac5c5317221d6ad1e143ae03894b862e8976890"
            ],
            "index": "pypi",
            "version": "==6.2.4"
        },
        "toml": {
            "hashes": [
                "sha256:806143ae5bfb6a3c6e736a764057db0e6a0e05e338b5630894a5f779cabb4f9b",
                "sha256:b3bda1d108d5dd99f4a20d24d9c348e91c4db7ab1b749200bded2f839ccbe68f"
            ],
            "markers": "python_version >= '2.6' and python_version not in '3.0, 3.1, 3.2, 3.3'",
            "version": "==0.10.2"
        }
    }
}
